
Microsoft Visual Studio Solution File, Format Version 12.00
# Visual Studio Version 17
VisualStudioVersion = 17.5.002.0
MinimumVisualStudioVersion = 10.0.40219.1
Project("{9A19103F-16F7-4668-BE54-9A1E7A4F7556}") = "workingwithdatabase", "workingwithdatabase.csproj", "{98D6D66B-B64C-4CC4-9D93-AD8C935628EA}"
EndProject
Global
	GlobalSection(SolutionConfigurationPlatforms) = preSolution
		Debug|Any CPU = Debug|Any CPU
		Release|Any CPU = Release|Any CPU
	EndGlobalSection
	GlobalSection(ProjectConfigurationPlatforms) = postSolution
		{98D6D66B-B64C-4CC4-9D93-AD8C935628EA}.Debug|Any CPU.ActiveCfg = Debug|Any CPU
		{98D6D66B-B64C-4CC4-9D93-AD8C935628EA}.Debug|Any CPU.Build.0 = Debug|Any CPU
		{98D6D66B-B64C-4CC4-9D93-AD8C935628EA}.Release|Any CPU.ActiveCfg = Release|Any CPU
		{98D6D66B-B64C-4CC4-9D93-AD8C935628EA}.Release|Any CPU.Build.0 = Release|Any CPU
	EndGlobalSection
	GlobalSection(SolutionProperties) = preSolution
		HideSolutionNode = FALSE
	EndGlobalSection
	GlobalSection(ExtensibilityGlobals) = postSolution
		SolutionGuid = {9E9E9F6C-0B63-45B7-851F-DEFD5A801795}
	EndGlobalSection
EndGlobal
